
Microsoft Visual Studio Solution File, Format Version 12.00
# Visual Studio Version 17
VisualStudioVersion = 17.0.32002.185
MinimumVisualStudioVersion = 10.0.40219.1
Project("{9A19103F-16F7-4668-BE54-9A1E7A4F7556}") = "RestaurantOrdering", "RestaurantOrdering.csproj", "{7D442D49-F9FA-4BC9-B90B-47E05F072833}"
	ProjectSection(ProjectDependencies) = postProject
		{FFF478A8-FF58-4B3E-9FD9-583EF6985ACA} = {FFF478A8-FF58-4B3E-9FD9-583EF6985ACA}
	EndProjectSection
EndProject
Project("{FAE04EC0-301F-11D3-BF4B-00C04F79EFBC}") = "RestaurantOrdering.Domain", "..\RestaurantOrdering.Domain\RestaurantOrdering.Domain.csproj", "{FFF478A8-FF58-4B3E-9FD9-583EF6985ACA}"
EndProject
Global
	GlobalSection(SolutionConfigurationPlatforms) = preSolution
		Debug|Any CPU = Debug|Any CPU
		Release|Any CPU = Release|Any CPU
	EndGlobalSection
	GlobalSection(ProjectConfigurationPlatforms) = postSolution
		{7D442D49-F9FA-4BC9-B90B-47E05F072833}.Debug|Any CPU.ActiveCfg = Debug|Any CPU
		{7D442D49-F9FA-4BC9-B90B-47E05F072833}.Debug|Any CPU.Build.0 = Debug|Any CPU
		{7D442D49-F9FA-4BC9-B90B-47E05F072833}.Release|Any CPU.ActiveCfg = Release|Any CPU
		{7D442D49-F9FA-4BC9-B90B-47E05F072833}.Release|Any CPU.Build.0 = Release|Any CPU
		{FFF478A8-FF58-4B3E-9FD9-583EF6985ACA}.Debug|Any CPU.ActiveCfg = Debug|Any CPU
		{FFF478A8-FF58-4B3E-9FD9-583EF6985ACA}.Debug|Any CPU.Build.0 = Debug|Any CPU
		{FFF478A8-FF58-4B3E-9FD9-583EF6985ACA}.Release|Any CPU.ActiveCfg = Release|Any CPU
		{FFF478A8-FF58-4B3E-9FD9-583EF6985ACA}.Release|Any CPU.Build.0 = Release|Any CPU
	EndGlobalSection
	GlobalSection(SolutionProperties) = preSolution
		HideSolutionNode = FALSE
	EndGlobalSection
	GlobalSection(ExtensibilityGlobals) = postSolution
		SolutionGuid = {E525FA47-915B-475E-873E-09F91D648DDD}
	EndGlobalSection
EndGlobal
